
Microsoft Visual Studio Solution File, Format Version 12.00
# Visual Studio Version 16
VisualStudioVersion = 16.0.31613.86
MinimumVisualStudioVersion = 10.0.40219.1
Project("{9A19103F-16F7-4668-BE54-9A1E7A4F7556}") = "Skill", "Skill\Skill.csproj", "{D8AA5BD1-BE96-43A2-9BE6-E38CBD2E739A}"
EndProject
Global
	GlobalSection(SolutionConfigurationPlatforms) = preSolution
		Debug|Any CPU = Debug|Any CPU
		Release|Any CPU = Release|Any CPU
	EndGlobalSection
	GlobalSection(ProjectConfigurationPlatforms) = postSolution
		{D8AA5BD1-BE96-43A2-9BE6-E38CBD2E739A}.Debug|Any CPU.ActiveCfg = Debug|Any CPU
		{D8AA5BD1-BE96-43A2-9BE6-E38CBD2E739A}.Debug|Any CPU.Build.0 = Debug|Any CPU
		{D8AA5BD1-BE96-43A2-9BE6-E38CBD2E739A}.Release|Any CPU.ActiveCfg = Release|Any CPU
		{D8AA5BD1-BE96-43A2-9BE6-E38CBD2E739A}.Release|Any CPU.Build.0 = Release|Any CPU
	EndGlobalSection
	GlobalSection(SolutionProperties) = preSolution
		HideSolutionNode = FALSE
	EndGlobalSection
	GlobalSection(ExtensibilityGlobals) = postSolution
		SolutionGuid = {3CEC0ECD-BD1A-4B04-9DD8-DA96D90FD147}
	EndGlobalSection
EndGlobal
